{
  "name": "agentmop",
  "version": "0.1.0",
  "lockfileVersion": 3,
  "requires": true,
  "packages": {
    "": {
      "name": "agentmop",
      "version": "0.1.0",
      "license": "MIT",
      "bin": {
        "agentmop": "bin/agentmop.js"
      },
      "engines": {
        "node": ">=20"
      }
    }
  }
}
